
Microsoft Visual Studio Solution File, Format Version 12.00
# Visual Studio 14
VisualStudioVersion = 14.0.25123.0
MinimumVisualStudioVersion = 10.0.40219.1
Project("{FAE04EC0-301F-11D3-BF4B-00C04F79EFBC}") = "InstaSharp", "InstaSharp\InstaSharp.csproj", "{891D6A1C-DD9F-4186-98C0-2B1168BD71F5}"
EndProject
Project("{FAE04EC0-301F-11D3-BF4B-00C04F79EFBC}") = "InstaSharpExample", "InstaSharpExample\InstaSharpExample.csproj", "{F88AB7A3-C4D9-4277-9CA5-A8EB7C89CA3B}"
EndProject
Global
	GlobalSection(SolutionConfigurationPlatforms) = preSolution
		Debug|Any CPU = Debug|Any CPU
		Release|Any CPU = Release|Any CPU
	EndGlobalSection
	GlobalSection(ProjectConfigurationPlatforms) = postSolution
		{891D6A1C-DD9F-4186-98C0-2B1168BD71F5}.Debug|Any CPU.ActiveCfg = Debug|Any CPU
		{891D6A1C-DD9F-4186-98C0-2B1168BD71F5}.Debug|Any CPU.Build.0 = Debug|Any CPU
		{891D6A1C-DD9F-4186-98C0-2B1168BD71F5}.Release|Any CPU.ActiveCfg = Release|Any CPU
		{891D6A1C-DD9F-4186-98C0-2B1168BD71F5}.Release|Any CPU.Build.0 = Release|Any CPU
		{F88AB7A3-C4D9-4277-9CA5-A8EB7C89CA3B}.Debug|Any CPU.ActiveCfg = Debug|Any CPU
		{F88AB7A3-C4D9-4277-9CA5-A8EB7C89CA3B}.Debug|Any CPU.Build.0 = Debug|Any CPU
		{F88AB7A3-C4D9-4277-9CA5-A8EB7C89CA3B}.Release|Any CPU.ActiveCfg = Release|Any CPU
		{F88AB7A3-C4D9-4277-9CA5-A8EB7C89CA3B}.Release|Any CPU.Build.0 = Release|Any CPU
	EndGlobalSection
	GlobalSection(SolutionProperties) = preSolution
		HideSolutionNode = FALSE
	EndGlobalSection
EndGlobal
